
Microsoft Visual Studio Solution File, Format Version 12.00
# Visual Studio Version 17
VisualStudioVersion = 17.0.31912.275
MinimumVisualStudioVersion = 10.0.40219.1
Project("{FAE04EC0-301F-11D3-BF4B-00C04F79EFBC}") = "LPZ1_1719", "LPZ1_1719\LPZ1_1719.csproj", "{EEF99F94-C60E-47B3-B9D8-CB733143CD8E}"
EndProject
Global
	GlobalSection(SolutionConfigurationPlatforms) = preSolution
		Debug|Any CPU = Debug|Any CPU
		Release|Any CPU = Release|Any CPU
	EndGlobalSection
	GlobalSection(ProjectConfigurationPlatforms) = postSolution
		{EEF99F94-C60E-47B3-B9D8-CB733143CD8E}.Debug|Any CPU.ActiveCfg = Debug|Any CPU
		{EEF99F94-C60E-47B3-B9D8-CB733143CD8E}.Debug|Any CPU.Build.0 = Debug|Any CPU
		{EEF99F94-C60E-47B3-B9D8-CB733143CD8E}.Release|Any CPU.ActiveCfg = Release|Any CPU
		{EEF99F94-C60E-47B3-B9D8-CB733143CD8E}.Release|Any CPU.Build.0 = Release|Any CPU
	EndGlobalSection
	GlobalSection(SolutionProperties) = preSolution
		HideSolutionNode = FALSE
	EndGlobalSection
	GlobalSection(ExtensibilityGlobals) = postSolution
		SolutionGuid = {61E562E8-74F5-4E6E-AE02-136B1C0AAF0F}
	EndGlobalSection
EndGlobal
